
Microsoft Visual Studio Solution File, Format Version 12.00
# Visual Studio 14
VisualStudioVersion = 14.0.25420.1
MinimumVisualStudioVersion = 10.0.40219.1
Project("{FAE04EC0-301F-11D3-BF4B-00C04F79EFBC}") = "BUS", "BUS\BUS.csproj", "{8A03FD79-6AE8-4986-9C21-F045A6C63121}"
EndProject
Project("{FAE04EC0-301F-11D3-BF4B-00C04F79EFBC}") = "PhongKham", "PhongKham\PhongKham.csproj", "{97E661FA-BEB1-47D3-A64B-52041C5474E7}"
EndProject
Project("{54435603-DBB4-11D2-8724-00A0C9A8B90C}") = "Setup_PhongKham", "Setup_PhongKham\Setup_PhongKham.vdproj", "{B595ED12-D9AD-41FA-85EA-971F6476499F}"
EndProject
Global
	GlobalSection(SolutionConfigurationPlatforms) = preSolution
		Debug|Any CPU = Debug|Any CPU
		Release|Any CPU = Release|Any CPU
	EndGlobalSection
	GlobalSection(ProjectConfigurationPlatforms) = postSolution
		{8A03FD79-6AE8-4986-9C21-F045A6C63121}.Debug|Any CPU.ActiveCfg = Debug|Any CPU
		{8A03FD79-6AE8-4986-9C21-F045A6C63121}.Debug|Any CPU.Build.0 = Debug|Any CPU
		{8A03FD79-6AE8-4986-9C21-F045A6C63121}.Release|Any CPU.ActiveCfg = Release|Any CPU
		{8A03FD79-6AE8-4986-9C21-F045A6C63121}.Release|Any CPU.Build.0 = Release|Any CPU
		{97E661FA-BEB1-47D3-A64B-52041C5474E7}.Debug|Any CPU.ActiveCfg = Debug|Any CPU
		{97E661FA-BEB1-47D3-A64B-52041C5474E7}.Debug|Any CPU.Build.0 = Debug|Any CPU
		{97E661FA-BEB1-47D3-A64B-52041C5474E7}.Release|Any CPU.ActiveCfg = Release|Any CPU
		{97E661FA-BEB1-47D3-A64B-52041C5474E7}.Release|Any CPU.Build.0 = Release|Any CPU
		{B595ED12-D9AD-41FA-85EA-971F6476499F}.Debug|Any CPU.ActiveCfg = Debug
		{B595ED12-D9AD-41FA-85EA-971F6476499F}.Release|Any CPU.ActiveCfg = Release
	EndGlobalSection
	GlobalSection(SolutionProperties) = preSolution
		HideSolutionNode = FALSE
	EndGlobalSection
EndGlobal
